// !$*UTF8*$!
{
	archiveVersion = 1;
	classes = {
	};
	objectVersion = 50;
	objects = {

/* Begin PBXBuildFile section */
		33067B2923C747B100FE9AFA /* AppDelegate.swift in Sources */ = {isa = PBXBuildFile; fileRef = 33067B2823C747B100FE9AFA /* AppDelegate.swift */; };
		33067B2B23C747B100FE9AFA /* SceneDelegate.swift in Sources */ = {isa = PBXBuildFile; fileRef = 33067B2A23C747B100FE9AFA /* SceneDelegate.swift */; };
		33067B2D23C747B100FE9AFA /* ViewController.swift in Sources */ = {isa = PBXBuildFile; fileRef = 33067B2C23C747B100FE9AFA /* ViewController.swift */; };
		33067B3023C747B100FE9AFA /* Main.storyboard in Resources */ = {isa = PBXBuildFile; fileRef = 33067B2E23C747B100FE9AFA /* Main.storyboard */; };
		33067B3223C747B400FE9AFA /* Assets.xcassets in Resources */ = {isa = PBXBuildFile; fileRef = 33067B3123C747B400FE9AFA /* Assets.xcassets */; };
		33067B3523C747B400FE9AFA /* LaunchScreen.storyboard in Resources */ = {isa = PBXBuildFile; fileRef = 33067B3323C747B400FE9AFA /* LaunchScreen.storyboard */; };
		3353CBE023C887BA0019DED7 /* Concentration.swift in Sources */ = {isa = PBXBuildFile; fileRef = 3353CBDF23C887BA0019DED7 /* Concentration.swift */; };
		3353CBE223C888120019DED7 /* Card.swift in Sources */ = {isa = PBXBuildFile; fileRef = 3353CBE123C888120019DED7 /* Card.swift */; };
/* End PBXBuildFile section */

/* Begin PBXFileReference section */
		33067B2523C747B100FE9AFA /* Concentration (9 janvier 2020).app */ = {isa = PBXFileReference; explicitFileType = wrapper.application; includeInIndex = 0; path = "Concentration (9 janvier 2020).app"; sourceTree = BUILT_PRODUCTS_DIR; };
		33067B2823C747B100FE9AFA /* AppDelegate.swift */ = {isa = PBXFileReference; lastKnownFileType = sourcecode.swift; name = AppDelegate.swift; path = ../AppDelegate.swift; sourceTree = "<group>"; };
		33067B2A23C747B100FE9AFA /* SceneDelegate.swift */ = {isa = PBXFileReference; lastKnownFileType = sourcecode.swift; path = SceneDelegate.swift; sourceTree = "<group>"; };
		33067B2C23C747B100FE9AFA /* ViewController.swift */ = {isa = PBXFileReference; lastKnownFileType = sourcecode.swift; path = ViewController.swift; sourceTree = "<group>"; };
		33067B2F23C747B100FE9AFA /* Base */ = {isa = PBXFileReference; lastKnownFileType = file.storyboard; name = Base; path = Base.lproj/Main.storyboard; sourceTree = "<group>"; };
		33067B3123C747B400FE9AFA /* Assets.xcassets */ = {isa = PBXFileReference; lastKnownFileType = folder.assetcatalog; path = Assets.xcassets; sourceTree = "<group>"; };
		33067B3423C747B400FE9AFA /* Base */ = {isa = PBXFileReference; lastKnownFileType = file.storyboard; name = Base; path = Base.lproj/LaunchScreen.storyboard; sourceTree = "<group>"; };
		33067B3623C747B400FE9AFA /* Info.plist */ = {isa = PBXFileReference; lastKnownFileType = text.plist.xml; path = Info.plist; sourceTree = "<group>"; };
		3353CBDF23C887BA0019DED7 /* Concentration.swift */ = {isa = PBXFileReference; lastKnownFileType = sourcecode.swift; path = Concentration.swift; sourceTree = "<group>"; };
		3353CBE123C888120019DED7 /* Card.swift */ = {isa = PBXFileReference; lastKnownFileType = sourcecode.swift; path = Card.swift; sourceTree = "<group>"; };
/* End PBXFileReference section */

/* Begin PBXFrameworksBuildPhase section */
		33067B2223C747B100FE9AFA /* Frameworks */ = {
			isa = PBXFrameworksBuildPhase;
			buildActionMask = 2147483647;
			files = (
			);
			runOnlyForDeploymentPostprocessing = 0;
		};
/* End PBXFrameworksBuildPhase section */

/* Begin PBXGroup section */
		33067B1C23C747B100FE9AFA = {
			isa = PBXGroup;
			children = (
				33067B2723C747B100FE9AFA /* Concentration (9 janvier 2020) */,
				33067B2623C747B100FE9AFA /* Products */,
			);
			sourceTree = "<group>";
		};
		33067B2623C747B100FE9AFA /* Products */ = {
			isa = PBXGroup;
			children = (
				33067B2523C747B100FE9AFA /* Concentration (9 janvier 2020).app */,
			);
			name = Products;
			sourceTree = "<group>";
		};
		33067B2723C747B100FE9AFA /* Concentration (9 janvier 2020) */ = {
			isa = PBXGroup;
			children = (
				33067B2A23C747B100FE9AFA /* SceneDelegate.swift */,
				33067B2C23C747B100FE9AFA /* ViewController.swift */,
				33067B2E23C747B100FE9AFA /* Main.storyboard */,
				3353CBDF23C887BA0019DED7 /* Concentration.swift */,
				3353CBE123C888120019DED7 /* Card.swift */,
				33067B3323C747B400FE9AFA /* LaunchScreen.storyboard */,
				33067B5C23C748AA00FE9AFA /* Supporting Files */,
				33067B3623C747B400FE9AFA /* Info.plist */,
			);
			path = "Concentration (9 janvier 2020)";
			sourceTree = "<group>";
		};
		33067B5C23C748AA00FE9AFA /* Supporting Files */ = {
			isa = PBXGroup;
			children = (
				33067B2823C747B100FE9AFA /* AppDelegate.swift */,
				33067B3123C747B400FE9AFA /* Assets.xcassets */,
			);
			path = "Supporting Files";
			sourceTree = "<group>";
		};
/* End PBXGroup section */

/* Begin PBXNativeTarget section */
		33067B2423C747B100FE9AFA /* Concentration (9 janvier 2020) */ = {
			isa = PBXNativeTarget;
			buildConfigurationList = 33067B3923C747B400FE9AFA /* Build configuration list for PBXNativeTarget "Concentration (9 janvier 2020)" */;
			buildPhases = (
				33067B2123C747B100FE9AFA /* Sources */,
				33067B2223C747B100FE9AFA /* Frameworks */,
				33067B2323C747B100FE9AFA /* Resources */,
			);
			buildRules = (
			);
			dependencies = (
			);
			name = "Concentration (9 janvier 2020)";
			productName = "Concentration (9 janvier 2020)";
			productReference = 33067B2523C747B100FE9AFA /* Concentration (9 janvier 2020).app */;
			productType = "com.apple.product-type.application";
		};
/* End PBXNativeTarget section */

/* Begin PBXProject section */
		33067B1D23C747B100FE9AFA /* Project object */ = {
			isa = PBXProject;
			attributes = {
				LastSwiftUpdateCheck = 1130;
				LastUpgradeCheck = 1130;
				ORGANIZATIONNAME = "Alexandre Moutaud";
				TargetAttributes = {
					33067B2423C747B100FE9AFA = {
						CreatedOnToolsVersion = 11.3;
					};
				};
			};
			buildConfigurationList = 33067B2023C747B100FE9AFA /* Build configuration list for PBXProject "Concentration (9 janvier 2020)" */;
			compatibilityVersion = "Xcode 9.3";
			developmentRegion = en;
			hasScannedForEncodings = 0;
			knownRegions = (
				en,
				Base,
			);
			mainGroup = 33067B1C23C747B100FE9AFA;
			productRefGroup = 33067B2623C747B100FE9AFA /* Products */;
			projectDirPath = "";
			projectRoot = "";
			targets = (
				33067B2423C747B100FE9AFA /* Concentration (9 janvier 2020) */,
			);
		};
/* End PBXProject section */

/* Begin PBXResourcesBuildPhase section */
		33067B2323C747B100FE9AFA /* Resources */ = {
			isa = PBXResourcesBuildPhase;
			buildActionMask = 2147483647;
			files = (
				33067B3523C747B400FE9AFA /* LaunchScreen.storyboard in Resources */,
				33067B3223C747B400FE9AFA /* Assets.xcassets in Resources */,
				33067B3023C747B100FE9AFA /* Main.storyboard in Resources */,
			);
			runOnlyForDeploymentPostprocessing = 0;
		};
/* End PBXResourcesBuildPhase section */

/* Begin PBXSourcesBuildPhase section */
		33067B2123C747B100FE9AFA /* Sources */ = {
			isa = PBXSourcesBuildPhase;
			buildActionMask = 2147483647;
			files = (
				33067B2D23C747B100FE9AFA /* ViewController.swift in Sources */,
				3353CBE023C887BA0019DED7 /* Concentration.swift in Sources */,
				3353CBE223C888120019DED7 /* Card.swift in Sources */,
				33067B2923C747B100FE9AFA /* AppDelegate.swift in Sources */,
				33067B2B23C747B100FE9AFA /* SceneDelegate.swift in Sources */,
			);
			runOnlyForDeploymentPostprocessing = 0;
		};
/* End PBXSourcesBuildPhase section */

/* Begin PBXVariantGroup section */
		33067B2E23C747B100FE9AFA /* Main.storyboard */ = {
			isa = PBXVariantGroup;
			children = (
				33067B2F23C747B100FE9AFA /* Base */,
			);
			name = Main.storyboard;
			sourceTree = "<group>";
		};
		33067B3323C747B400FE9AFA /* LaunchScreen.storyboard */ = {
			isa = PBXVariantGroup;
			children = (
				33067B3423C747B400FE9AFA /* Base */,
			);
			name = LaunchScreen.storyboard;
			sourceTree = "<group>";
		};
/* End PBXVariantGroup section */

/* Begin XCBuildConfiguration section */
		33067B3723C747B400FE9AFA /* Debug */ = {
			isa = XCBuildConfiguration;
			buildSettings = {
				ALWAYS_SEARCH_USER_PATHS = NO;
				CLANG_ANALYZER_NONNULL = YES;
				CLANG_ANALYZER_NUMBER_OBJECT_CONVERSION = YES_AGGRESSIVE;
				CLANG_CXX_LANGUAGE_STANDARD = "gnu++14";
				CLANG_CXX_LIBRARY = "libc++";
				CLANG_ENABLE_MODULES = YES;
				CLANG_ENABLE_OBJC_ARC = YES;
				CLANG_ENABLE_OBJC_WEAK = YES;
				CLANG_WARN_BLOCK_CAPTURE_AUTORELEASING = YES;
				CLANG_WARN_BOOL_CONVERSION = YES;
				CLANG_WARN_COMMA = YES;
				CLANG_WARN_CONSTANT_CONVERSION = YES;
				CLANG_WARN_DEPRECATED_OBJC_IMPLEMENTATIONS = YES;
				CLANG_WARN_DIRECT_OBJC_ISA_USAGE = YES_ERROR;
				CLANG_WARN_DOCUMENTATION_COMMENTS = YES;
				CLANG_WARN_EMPTY_BODY = YES;
				CLANG_WARN_ENUM_CONVERSION = YES;
				CLANG_WARN_INFINITE_RECURSION = YES;
				CLANG_WARN_INT_CONVERSION = YES;
				CLANG_WARN_NON_LITERAL_NULL_CONVERSION = YES;
				CLANG_WARN_OBJC_IMPLICIT_RETAIN_SELF = YES;
				CLANG_WARN_OBJC_LITERAL_CONVERSION = YES;
				CLANG_WARN_OBJC_ROOT_CLASS = YES_ERROR;
				CLANG_WARN_RANGE_LOOP_ANALYSIS = YES;
				CLANG_WARN_STRICT_PROTOTYPES = YES;
				CLANG_WARN_SUSPICIOUS_MOVE = YES;
				CLANG_WARN_UNGUARDED_AVAILABILITY = YES_AGGRESSIVE;
				CLANG_WARN_UNREACHABLE_CODE = YES;
				CLANG_WARN__DUPLICATE_METHOD_MATCH = YES;
				COPY_PHASE_STRIP = NO;
				DEBUG_INFORMATION_FORMAT = dwarf;
				ENABLE_STRICT_OBJC_MSGSEND = YES;
				ENABLE_TESTABILITY = YES;
				GCC_C_LANGUAGE_STANDARD = gnu11;
				GCC_DYNAMIC_NO_PIC = NO;
				GCC_NO_COMMON_BLOCKS = YES;
				GCC_OPTIMIZATION_LEVEL = 0;
				GCC_PREPROCESSOR_DEFINITIONS = (
					"DEBUG=1",
					"$(inherited)",
				);
				GCC_WARN_64_TO_32_BIT_CONVERSION = YES;
				GCC_WARN_ABOUT_RETURN_TYPE = YES_ERROR;
				GCC_WARN_UNDECLARED_SELECTOR = YES;
				GCC_WARN_UNINITIALIZED_AUTOS = YES_AGGRESSIVE;
				GCC_WARN_UNUSED_FUNCTION = YES;
				GCC_WARN_UNUSED_VARIABLE = YES;
				IPHONEOS_DEPLOYMENT_TARGET = 13.2;
				MTL_ENABLE_DEBUG_INFO = INCLUDE_SOURCE;
				MTL_FAST_MATH = YES;
				ONLY_ACTIVE_ARCH = YES;
				SDKROOT = iphoneos;
				SWIFT_ACTIVE_COMPILATION_CONDITIONS = DEBUG;
				SWIFT_OPTIMIZATION_LEVEL = "-Onone";
			};
			name = Debug;
		};
		33067B3823C747B400FE9AFA /* Release */ = {
			isa = XCBuildConfiguration;
			buildSettings = {
				ALWAYS_SEARCH_USER_PATHS = NO;
				CLANG_ANALYZER_NONNULL = YES;
				CLANG_ANALYZER_NUMBER_OBJECT_CONVERSION = YES_AGGRESSIVE;
				CLANG_CXX_LANGUAGE_STANDARD = "gnu++14";
				CLANG_CXX_LIBRARY = "libc++";
				CLANG_ENABLE_MODULES = YES;
				CLANG_ENABLE_OBJC_ARC = YES;
				CLANG_ENABLE_OBJC_WEAK = YES;
				CLANG_WARN_BLOCK_CAPTURE_AUTORELEASING = YES;
				CLANG_WARN_BOOL_CONVERSION = YES;
				CLANG_WARN_COMMA = YES;
				CLANG_WARN_CONSTANT_CONVERSION = YES;
				CLANG_WARN_DEPRECATED_OBJC_IMPLEMENTATIONS = YES;
				CLANG_WARN_DIRECT_OBJC_ISA_USAGE = YES_ERROR;
				CLANG_WARN_DOCUMENTATION_COMMENTS = YES;
				CLANG_WARN_EMPTY_BODY = YES;
				CLANG_WARN_ENUM_CONVERSION = YES;
				CLANG_WARN_INFINITE_RECURSION = YES;
				CLANG_WARN_INT_CONVERSION = YES;
				CLANG_WARN_NON_LITERAL_NULL_CONVERSION = YES;
				CLANG_WARN_OBJC_IMPLICIT_RETAIN_SELF = YES;
				CLANG_WARN_OBJC_LITERAL_CONVERSION = YES;
				CLANG_WARN_OBJC_ROOT_CLASS = YES_ERROR;
				CLANG_WARN_RANGE_LOOP_ANALYSIS = YES;
				CLANG_WARN_STRICT_PROTOTYPES = YES;
				CLANG_WARN_SUSPICIOUS_MOVE = YES;
				CLANG_WARN_UNGUARDED_AVAILABILITY = YES_AGGRESSIVE;
				CLANG_WARN_UNREACHABLE_CODE = YES;
				CLANG_WARN__DUPLICATE_METHOD_MATCH = YES;
				COPY_PHASE_STRIP = NO;
				DEBUG_INFORMATION_FORMAT = "dwarf-with-dsym";
				ENABLE_NS_ASSERTIONS = NO;
				ENABLE_STRICT_OBJC_MSGSEND = YES;
				GCC_C_LANGUAGE_STANDARD = gnu11;
				GCC_NO_COMMON_BLOCKS = YES;
				GCC_WARN_64_TO_32_BIT_CONVERSION = YES;
				GCC_WARN_ABOUT_RETURN_TYPE = YES_ERROR;
				GCC_WARN_UNDECLARED_SELECTOR = YES;
				GCC_WARN_UNINITIALIZED_AUTOS = YES_AGGRESSIVE;
				GCC_WARN_UNUSED_FUNCTION = YES;
				GCC_WARN_UNUSED_VARIABLE = YES;
				IPHONEOS_DEPLOYMENT_TARGET = 13.2;
				MTL_ENABLE_DEBUG_INFO = NO;
				MTL_FAST_MATH = YES;
				SDKROOT = iphoneos;
				SWIFT_COMPILATION_MODE = wholemodule;
				SWIFT_OPTIMIZATION_LEVEL = "-O";
				VALIDATE_PRODUCT = YES;
			};
			name = Release;
		};
		33067B3A23C747B400FE9AFA /* Debug */ = {
			isa = XCBuildConfiguration;
			buildSettings = {
				ASSETCATALOG_COMPILER_APPICON_NAME = AppIcon;
				CODE_SIGN_STYLE = Automatic;
				DEVELOPMENT_TEAM = NKF42T6RZQ;
				INFOPLIST_FILE = "Concentration (9 janvier 2020)/Info.plist";
				LD_RUNPATH_SEARCH_PATHS = (
					"$(inherited)",
					"@executable_path/Frameworks",
				);
				PRODUCT_BUNDLE_IDENTIFIER = "fr.moutauda.Concentration--9-janvier-2020-";
				PRODUCT_NAME = "$(TARGET_NAME)";
				SWIFT_VERSION = 5.0;
				TARGETED_DEVICE_FAMILY = "1,2";
			};
			name = Debug;
		};
		33067B3B23C747B400FE9AFA /* Release */ = {
			isa = XCBuildConfiguration;
			buildSettings = {
				ASSETCATALOG_COMPILER_APPICON_NAME = AppIcon;
				CODE_SIGN_STYLE = Automatic;
				DEVELOPMENT_TEAM = NKF42T6RZQ;
				INFOPLIST_FILE = "Concentration (9 janvier 2020)/Info.plist";
				LD_RUNPATH_SEARCH_PATHS = (
					"$(inherited)",
					"@executable_path/Frameworks",
				);
				PRODUCT_BUNDLE_IDENTIFIER = "fr.moutauda.Concentration--9-janvier-2020-";
				PRODUCT_NAME = "$(TARGET_NAME)";
				SWIFT_VERSION = 5.0;
				TARGETED_DEVICE_FAMILY = "1,2";
			};
			name = Release;
		};
/* End XCBuildConfiguration section */

/* Begin XCConfigurationList section */
		33067B2023C747B100FE9AFA /* Build configuration list for PBXProject "Concentration (9 janvier 2020)" */ = {
			isa = XCConfigurationList;
			buildConfigurations = (
				33067B3723C747B400FE9AFA /* Debug */,
				33067B3823C747B400FE9AFA /* Release */,
			);
			defaultConfigurationIsVisible = 0;
			defaultConfigurationName = Release;
		};
		33067B3923C747B400FE9AFA /* Build configuration list for PBXNativeTarget "Concentration (9 janvier 2020)" */ = {
			isa = XCConfigurationList;
			buildConfigurations = (
				33067B3A23C747B400FE9AFA /* Debug */,
				33067B3B23C747B400FE9AFA /* Release */,
			);
			defaultConfigurationIsVisible = 0;
			defaultConfigurationName = Release;
		};
/* End XCConfigurationList section */
	};
	rootObject = 33067B1D23C747B100FE9AFA /* Project object */;
}
